// !$*UTF8*$!
{
	archiveVersion = 1;
	classes = {
	};
	objectVersion = 51;
	objects = {

/* Begin PBXBuildFile section */
		46A79922D714EAA184FD30A0 /* Pods_Base.framework in Frameworks */ = {isa = PBXBuildFile; fileRef = 3857412D1FCC9356CA554A61 /* Pods_Base.framework */; };
		D700B9A9244AA69400B2805E /* AppDelegate.swift in Sources */ = {isa = PBXBuildFile; fileRef = D700B9A8244AA69400B2805E /* AppDelegate.swift */; };
		D700B9B0244AA69400B2805E /* Main.storyboard in Resources */ = {isa = PBXBuildFile; fileRef = D700B9AE244AA69400B2805E /* Main.storyboard */; };
		D700B9B2244AA69800B2805E /* Assets.xcassets in Resources */ = {isa = PBXBuildFile; fileRef = D700B9B1244AA69800B2805E /* Assets.xcassets */; };
		D700B9B5244AA69800B2805E /* LaunchScreen.storyboard in Resources */ = {isa = PBXBuildFile; fileRef = D700B9B3244AA69800B2805E /* LaunchScreen.storyboard */; };
		D700B9C0244AA69800B2805E /* HomeInteractorTests.swift in Sources */ = {isa = PBXBuildFile; fileRef = D700B9BF244AA69800B2805E /* HomeInteractorTests.swift */; };
		D700B9D2244AA83300B2805E /* HomeViewController.swift in Sources */ = {isa = PBXBuildFile; fileRef = D700B9D1244AA83300B2805E /* HomeViewController.swift */; };
		D700B9D4244AA8C600B2805E /* HomeInteractor.swift in Sources */ = {isa = PBXBuildFile; fileRef = D700B9D3244AA8C600B2805E /* HomeInteractor.swift */; };
		D700B9D6244AA8E000B2805E /* HomePresenter.swift in Sources */ = {isa = PBXBuildFile; fileRef = D700B9D5244AA8E000B2805E /* HomePresenter.swift */; };
		D700BA1A244AB7A300B2805E /* APIConstants.swift in Sources */ = {isa = PBXBuildFile; fileRef = D700BA19244AB7A300B2805E /* APIConstants.swift */; };
		D700BA1C244AB9F900B2805E /* GetPostsUseCase.swift in Sources */ = {isa = PBXBuildFile; fileRef = D700BA1B244AB9F900B2805E /* GetPostsUseCase.swift */; };
		D700BA1E244ABB7300B2805E /* Post.swift in Sources */ = {isa = PBXBuildFile; fileRef = D700BA1D244ABB7300B2805E /* Post.swift */; };
		D700BA20244ABBF300B2805E /* GetPostsAdapter.swift in Sources */ = {isa = PBXBuildFile; fileRef = D700BA1F244ABBF300B2805E /* GetPostsAdapter.swift */; };
		D700BA50244AC4C500B2805E /* SceneDelegate.swift in Sources */ = {isa = PBXBuildFile; fileRef = D700BA4F244AC4C500B2805E /* SceneDelegate.swift */; };
		D76F3EBC244AD80000E8134F /* GetPostsWebService.swift in Sources */ = {isa = PBXBuildFile; fileRef = D76F3EBB244AD80000E8134F /* GetPostsWebService.swift */; };
		D76F3EBE244AD88200E8134F /* Parameters.swift in Sources */ = {isa = PBXBuildFile; fileRef = D76F3EBD244AD88200E8134F /* Parameters.swift */; };
		D76F3EC0244AD8DD00E8134F /* Response.swift in Sources */ = {isa = PBXBuildFile; fileRef = D76F3EBF244AD8DD00E8134F /* Response.swift */; };
		D76F3EC2244AE5A900E8134F /* Router.swift in Sources */ = {isa = PBXBuildFile; fileRef = D76F3EC1244AE5A900E8134F /* Router.swift */; };
		D76F3EC5244AEDF100E8134F /* PostViewModel.swift in Sources */ = {isa = PBXBuildFile; fileRef = D76F3EC4244AEDF100E8134F /* PostViewModel.swift */; };
		D7E08DAF244BB03F00AF6001 /* Constants.swift in Sources */ = {isa = PBXBuildFile; fileRef = D7E08DAE244BB03F00AF6001 /* Constants.swift */; };
		D7E08DB3244BBA6400AF6001 /* Detail.storyboard in Resources */ = {isa = PBXBuildFile; fileRef = D7E08DB2244BBA6400AF6001 /* Detail.storyboard */; };
		D7E08DB5244BBA9600AF6001 /* DetailViewController.swift in Sources */ = {isa = PBXBuildFile; fileRef = D7E08DB4244BBA9600AF6001 /* DetailViewController.swift */; };
		D7E08DB7244BBADC00AF6001 /* DetailInteractor.swift in Sources */ = {isa = PBXBuildFile; fileRef = D7E08DB6244BBADC00AF6001 /* DetailInteractor.swift */; };
		D7E08DB9244BBAED00AF6001 /* DetailPresenter.swift in Sources */ = {isa = PBXBuildFile; fileRef = D7E08DB8244BBAED00AF6001 /* DetailPresenter.swift */; };
		D7E08DBB244BBEB500AF6001 /* Comment.swift in Sources */ = {isa = PBXBuildFile; fileRef = D7E08DBA244BBEB500AF6001 /* Comment.swift */; };
		D7E08DBD244BBEBF00AF6001 /* User.swift in Sources */ = {isa = PBXBuildFile; fileRef = D7E08DBC244BBEBF00AF6001 /* User.swift */; };
		D7E08DBF244BE44800AF6001 /* HomeRouter.swift in Sources */ = {isa = PBXBuildFile; fileRef = D7E08DBE244BE44800AF6001 /* HomeRouter.swift */; };
		D7E08DC1244C12CA00AF6001 /* GetUserWebService.swift in Sources */ = {isa = PBXBuildFile; fileRef = D7E08DC0244C12CA00AF6001 /* GetUserWebService.swift */; };
		D7E08DC3244C12E200AF6001 /* GetCommentsWebService.swift in Sources */ = {isa = PBXBuildFile; fileRef = D7E08DC2244C12E200AF6001 /* GetCommentsWebService.swift */; };
		D7E08DC5244C139E00AF6001 /* GetUserAdapter.swift in Sources */ = {isa = PBXBuildFile; fileRef = D7E08DC4244C139E00AF6001 /* GetUserAdapter.swift */; };
		D7E08DC7244C13CA00AF6001 /* GetCommentsAdapter.swift in Sources */ = {isa = PBXBuildFile; fileRef = D7E08DC6244C13CA00AF6001 /* GetCommentsAdapter.swift */; };
		D7E08DC9244C14ED00AF6001 /* GetCommnentsUseCase.swift in Sources */ = {isa = PBXBuildFile; fileRef = D7E08DC8244C14ED00AF6001 /* GetCommnentsUseCase.swift */; };
		D7E08DCB244C150100AF6001 /* GetUserUseCase.swift in Sources */ = {isa = PBXBuildFile; fileRef = D7E08DCA244C150100AF6001 /* GetUserUseCase.swift */; };
		E777DCA17AEFB850432780E8 /* Pods_BaseTests.framework in Frameworks */ = {isa = PBXBuildFile; fileRef = 29EE2FA11D0447D4789AF3BD /* Pods_BaseTests.framework */; };
/* End PBXBuildFile section */

/* Begin PBXContainerItemProxy section */
		D700B9BC244AA69800B2805E /* PBXContainerItemProxy */ = {
			isa = PBXContainerItemProxy;
			containerPortal = D700B99D244AA69400B2805E /* Project object */;
			proxyType = 1;
			remoteGlobalIDString = D700B9A4244AA69400B2805E;
			remoteInfo = Base;
		};
/* End PBXContainerItemProxy section */

/* Begin PBXFileReference section */
		29EE2FA11D0447D4789AF3BD /* Pods_BaseTests.framework */ = {isa = PBXFileReference; explicitFileType = wrapper.framework; includeInIndex = 0; path = Pods_BaseTests.framework; sourceTree = BUILT_PRODUCTS_DIR; };
		3857412D1FCC9356CA554A61 /* Pods_Base.framework */ = {isa = PBXFileReference; explicitFileType = wrapper.framework; includeInIndex = 0; path = Pods_Base.framework; sourceTree = BUILT_PRODUCTS_DIR; };
		4CB3419EF015A0643E9634F4 /* Pods-Base.release.xcconfig */ = {isa = PBXFileReference; includeInIndex = 1; lastKnownFileType = text.xcconfig; name = "Pods-Base.release.xcconfig"; path = "Target Support Files/Pods-Base/Pods-Base.release.xcconfig"; sourceTree = "<group>"; };
		5267EFD031E4940DDACEC285 /* Pods-BaseTests.release.xcconfig */ = {isa = PBXFileReference; includeInIndex = 1; lastKnownFileType = text.xcconfig; name = "Pods-BaseTests.release.xcconfig"; path = "Target Support Files/Pods-BaseTests/Pods-BaseTests.release.xcconfig"; sourceTree = "<group>"; };
		97066D0E713E90307DA7FFF8 /* Pods-BaseTests.debug.xcconfig */ = {isa = PBXFileReference; includeInIndex = 1; lastKnownFileType = text.xcconfig; name = "Pods-BaseTests.debug.xcconfig"; path = "Target Support Files/Pods-BaseTests/Pods-BaseTests.debug.xcconfig"; sourceTree = "<group>"; };
		9D9FEE7BA3193ED0F7B7C527 /* Pods-Base.debug.xcconfig */ = {isa = PBXFileReference; includeInIndex = 1; lastKnownFileType = text.xcconfig; name = "Pods-Base.debug.xcconfig"; path = "Target Support Files/Pods-Base/Pods-Base.debug.xcconfig"; sourceTree = "<group>"; };
		D700B9A5244AA69400B2805E /* Base.app */ = {isa = PBXFileReference; explicitFileType = wrapper.application; includeInIndex = 0; path = Base.app; sourceTree = BUILT_PRODUCTS_DIR; };
		D700B9A8244AA69400B2805E /* AppDelegate.swift */ = {isa = PBXFileReference; lastKnownFileType = sourcecode.swift; path = AppDelegate.swift; sourceTree = "<group>"; };
		D700B9AF244AA69400B2805E /* Base */ = {isa = PBXFileReference; lastKnownFileType = file.storyboard; name = Base; path = Base.lproj/Main.storyboard; sourceTree = "<group>"; };
		D700B9B1244AA69800B2805E /* Assets.xcassets */ = {isa = PBXFileReference; lastKnownFileType = folder.assetcatalog; path = Assets.xcassets; sourceTree = "<group>"; };
		D700B9B4244AA69800B2805E /* Base */ = {isa = PBXFileReference; lastKnownFileType = file.storyboard; name = Base; path = Base.lproj/LaunchScreen.storyboard; sourceTree = "<group>"; };
		D700B9B6244AA69800B2805E /* Info.plist */ = {isa = PBXFileReference; lastKnownFileType = text.plist.xml; path = Info.plist; sourceTree = "<group>"; };
		D700B9BB244AA69800B2805E /* BaseTests.xctest */ = {isa = PBXFileReference; explicitFileType = wrapper.cfbundle; includeInIndex = 0; path = BaseTests.xctest; sourceTree = BUILT_PRODUCTS_DIR; };
		D700B9BF244AA69800B2805E /* HomeInteractorTests.swift */ = {isa = PBXFileReference; lastKnownFileType = sourcecode.swift; path = HomeInteractorTests.swift; sourceTree = "<group>"; };
		D700B9C1244AA69800B2805E /* Info.plist */ = {isa = PBXFileReference; lastKnownFileType = text.plist.xml; path = Info.plist; sourceTree = "<group>"; };
		D700B9D1244AA83300B2805E /* HomeViewController.swift */ = {isa = PBXFileReference; lastKnownFileType = sourcecode.swift; path = HomeViewController.swift; sourceTree = "<group>"; };
		D700B9D3244AA8C600B2805E /* HomeInteractor.swift */ = {isa = PBXFileReference; lastKnownFileType = sourcecode.swift; path = HomeInteractor.swift; sourceTree = "<group>"; };
		D700B9D5244AA8E000B2805E /* HomePresenter.swift */ = {isa = PBXFileReference; lastKnownFileType = sourcecode.swift; path = HomePresenter.swift; sourceTree = "<group>"; };
		D700BA19244AB7A300B2805E /* APIConstants.swift */ = {isa = PBXFileReference; lastKnownFileType = sourcecode.swift; path = APIConstants.swift; sourceTree = "<group>"; };
		D700BA1B244AB9F900B2805E /* GetPostsUseCase.swift */ = {isa = PBXFileReference; lastKnownFileType = sourcecode.swift; path = GetPostsUseCase.swift; sourceTree = "<group>"; };
		D700BA1D244ABB7300B2805E /* Post.swift */ = {isa = PBXFileReference; lastKnownFileType = sourcecode.swift; path = Post.swift; sourceTree = "<group>"; };
		D700BA1F244ABBF300B2805E /* GetPostsAdapter.swift */ = {isa = PBXFileReference; lastKnownFileType = sourcecode.swift; path = GetPostsAdapter.swift; sourceTree = "<group>"; };
		D700BA4F244AC4C500B2805E /* SceneDelegate.swift */ = {isa = PBXFileReference; lastKnownFileType = sourcecode.swift; path = SceneDelegate.swift; sourceTree = "<group>"; };
		D76F3EBB244AD80000E8134F /* GetPostsWebService.swift */ = {isa = PBXFileReference; lastKnownFileType = sourcecode.swift; path = GetPostsWebService.swift; sourceTree = "<group>"; };
		D76F3EBD244AD88200E8134F /* Parameters.swift */ = {isa = PBXFileReference; lastKnownFileType = sourcecode.swift; path = Parameters.swift; sourceTree = "<group>"; };
		D76F3EBF244AD8DD00E8134F /* Response.swift */ = {isa = PBXFileReference; lastKnownFileType = sourcecode.swift; path = Response.swift; sourceTree = "<group>"; };
		D76F3EC1244AE5A900E8134F /* Router.swift */ = {isa = PBXFileReference; lastKnownFileType = sourcecode.swift; path = Router.swift; sourceTree = "<group>"; };
		D76F3EC4244AEDF100E8134F /* PostViewModel.swift */ = {isa = PBXFileReference; lastKnownFileType = sourcecode.swift; path = PostViewModel.swift; sourceTree = "<group>"; };
		D7E08DAE244BB03F00AF6001 /* Constants.swift */ = {isa = PBXFileReference; lastKnownFileType = sourcecode.swift; path = Constants.swift; sourceTree = "<group>"; };
		D7E08DB2244BBA6400AF6001 /* Detail.storyboard */ = {isa = PBXFileReference; lastKnownFileType = file.storyboard; path = Detail.storyboard; sourceTree = "<group>"; };
		D7E08DB4244BBA9600AF6001 /* DetailViewController.swift */ = {isa = PBXFileReference; lastKnownFileType = sourcecode.swift; path = DetailViewController.swift; sourceTree = "<group>"; };
		D7E08DB6244BBADC00AF6001 /* DetailInteractor.swift */ = {isa = PBXFileReference; lastKnownFileType = sourcecode.swift; path = DetailInteractor.swift; sourceTree = "<group>"; };
		D7E08DB8244BBAED00AF6001 /* DetailPresenter.swift */ = {isa = PBXFileReference; lastKnownFileType = sourcecode.swift; path = DetailPresenter.swift; sourceTree = "<group>"; };
		D7E08DBA244BBEB500AF6001 /* Comment.swift */ = {isa = PBXFileReference; lastKnownFileType = sourcecode.swift; path = Comment.swift; sourceTree = "<group>"; };
		D7E08DBC244BBEBF00AF6001 /* User.swift */ = {isa = PBXFileReference; lastKnownFileType = sourcecode.swift; path = User.swift; sourceTree = "<group>"; };
		D7E08DBE244BE44800AF6001 /* HomeRouter.swift */ = {isa = PBXFileReference; lastKnownFileType = sourcecode.swift; path = HomeRouter.swift; sourceTree = "<group>"; };
		D7E08DC0244C12CA00AF6001 /* GetUserWebService.swift */ = {isa = PBXFileReference; fileEncoding = 4; lastKnownFileType = sourcecode.swift; path = GetUserWebService.swift; sourceTree = "<group>"; };
		D7E08DC2244C12E200AF6001 /* GetCommentsWebService.swift */ = {isa = PBXFileReference; fileEncoding = 4; lastKnownFileType = sourcecode.swift; path = GetCommentsWebService.swift; sourceTree = "<group>"; };
		D7E08DC4244C139E00AF6001 /* GetUserAdapter.swift */ = {isa = PBXFileReference; fileEncoding = 4; lastKnownFileType = sourcecode.swift; path = GetUserAdapter.swift; sourceTree = "<group>"; };
		D7E08DC6244C13CA00AF6001 /* GetCommentsAdapter.swift */ = {isa = PBXFileReference; fileEncoding = 4; lastKnownFileType = sourcecode.swift; path = GetCommentsAdapter.swift; sourceTree = "<group>"; };
		D7E08DC8244C14ED00AF6001 /* GetCommnentsUseCase.swift */ = {isa = PBXFileReference; fileEncoding = 4; lastKnownFileType = sourcecode.swift; path = GetCommnentsUseCase.swift; sourceTree = "<group>"; };
		D7E08DCA244C150100AF6001 /* GetUserUseCase.swift */ = {isa = PBXFileReference; lastKnownFileType = sourcecode.swift; path = GetUserUseCase.swift; sourceTree = "<group>"; };
/* End PBXFileReference section */

/* Begin PBXFrameworksBuildPhase section */
		D700B9A2244AA69400B2805E /* Frameworks */ = {
			isa = PBXFrameworksBuildPhase;
			buildActionMask = 2147483647;
			files = (
				46A79922D714EAA184FD30A0 /* Pods_Base.framework in Frameworks */,
			);
			runOnlyForDeploymentPostprocessing = 0;
		};
		D700B9B8244AA69800B2805E /* Frameworks */ = {
			isa = PBXFrameworksBuildPhase;
			buildActionMask = 2147483647;
			files = (
				E777DCA17AEFB850432780E8 /* Pods_BaseTests.framework in Frameworks */,
			);
			runOnlyForDeploymentPostprocessing = 0;
		};
/* End PBXFrameworksBuildPhase section */

/* Begin PBXGroup section */
		2A66A59C4818AF6F956A5BD7 /* Frameworks */ = {
			isa = PBXGroup;
			children = (
				3857412D1FCC9356CA554A61 /* Pods_Base.framework */,
				29EE2FA11D0447D4789AF3BD /* Pods_BaseTests.framework */,
			);
			name = Frameworks;
			sourceTree = "<group>";
		};
		D700B99C244AA69400B2805E = {
			isa = PBXGroup;
			children = (
				D700B9A7244AA69400B2805E /* Base */,
				D700B9BE244AA69800B2805E /* BaseTests */,
				D700B9A6244AA69400B2805E /* Products */,
				EA085DA36DFC419E4C99D6FE /* Pods */,
				2A66A59C4818AF6F956A5BD7 /* Frameworks */,
			);
			sourceTree = "<group>";
		};
		D700B9A6244AA69400B2805E /* Products */ = {
			isa = PBXGroup;
			children = (
				D700B9A5244AA69400B2805E /* Base.app */,
				D700B9BB244AA69800B2805E /* BaseTests.xctest */,
			);
			name = Products;
			sourceTree = "<group>";
		};
		D700B9A7244AA69400B2805E /* Base */ = {
			isa = PBXGroup;
			children = (
				D700BA12244AB4E000B2805E /* Common */,
				D700B9CB244AA73400B2805E /* Data */,
				D700B9CA244AA72700B2805E /* Domain */,
				D700B9CC244AA73C00B2805E /* Presentation */,
				D700B9A8244AA69400B2805E /* AppDelegate.swift */,
				D700B9B1244AA69800B2805E /* Assets.xcassets */,
				D700B9B3244AA69800B2805E /* LaunchScreen.storyboard */,
				D700B9B6244AA69800B2805E /* Info.plist */,
				D700BA4F244AC4C500B2805E /* SceneDelegate.swift */,
			);
			path = Base;
			sourceTree = "<group>";
		};
		D700B9BE244AA69800B2805E /* BaseTests */ = {
			isa = PBXGroup;
			children = (
				D700B9BF244AA69800B2805E /* HomeInteractorTests.swift */,
				D700B9C1244AA69800B2805E /* Info.plist */,
			);
			path = BaseTests;
			sourceTree = "<group>";
		};
		D700B9CA244AA72700B2805E /* Domain */ = {
			isa = PBXGroup;
			children = (
				D700B9D7244AA90700B2805E /* Entities */,
				D700B9CD244AA77900B2805E /* UseCases */,
			);
			path = Domain;
			sourceTree = "<group>";
		};
		D700B9CB244AA73400B2805E /* Data */ = {
			isa = PBXGroup;
			children = (
				D700BA19244AB7A300B2805E /* APIConstants.swift */,
				D700B9D8244AB20500B2805E /* Networking */,
			);
			path = Data;
			sourceTree = "<group>";
		};
		D700B9CC244AA73C00B2805E /* Presentation */ = {
			isa = PBXGroup;
			children = (
				D700B9CF244AA79600B2805E /* Home */,
				D7E08DB0244BB88300AF6001 /* Detail */,
			);
			path = Presentation;
			sourceTree = "<group>";
		};
		D700B9CD244AA77900B2805E /* UseCases */ = {
			isa = PBXGroup;
			children = (
				D700B9CE244AA78500B2805E /* Protocols */,
				D700BA1F244ABBF300B2805E /* GetPostsAdapter.swift */,
				D7E08DC4244C139E00AF6001 /* GetUserAdapter.swift */,
				D7E08DC6244C13CA00AF6001 /* GetCommentsAdapter.swift */,
			);
			path = UseCases;
			sourceTree = "<group>";
		};
		D700B9CE244AA78500B2805E /* Protocols */ = {
			isa = PBXGroup;
			children = (
				D700BA1B244AB9F900B2805E /* GetPostsUseCase.swift */,
				D7E08DC8244C14ED00AF6001 /* GetCommnentsUseCase.swift */,
				D7E08DCA244C150100AF6001 /* GetUserUseCase.swift */,
			);
			path = Protocols;
			sourceTree = "<group>";
		};
		D700B9CF244AA79600B2805E /* Home */ = {
			isa = PBXGroup;
			children = (
				D76F3EC3244AEDDE00E8134F /* ViewModels */,
				D700B9D0244AA80500B2805E /* View */,
				D700B9D1244AA83300B2805E /* HomeViewController.swift */,
				D700B9D3244AA8C600B2805E /* HomeInteractor.swift */,
				D700B9D5244AA8E000B2805E /* HomePresenter.swift */,
				D7E08DBE244BE44800AF6001 /* HomeRouter.swift */,
			);
			path = Home;
			sourceTree = "<group>";
		};
		D700B9D0244AA80500B2805E /* View */ = {
			isa = PBXGroup;
			children = (
				D700B9AE244AA69400B2805E /* Main.storyboard */,
			);
			path = View;
			sourceTree = "<group>";
		};
		D700B9D7244AA90700B2805E /* Entities */ = {
			isa = PBXGroup;
			children = (
				D700BA1D244ABB7300B2805E /* Post.swift */,
				D7E08DBA244BBEB500AF6001 /* Comment.swift */,
				D7E08DBC244BBEBF00AF6001 /* User.swift */,
			);
			path = Entities;
			sourceTree = "<group>";
		};
		D700B9D8244AB20500B2805E /* Networking */ = {
			isa = PBXGroup;
			children = (
				D76F3EBF244AD8DD00E8134F /* Response.swift */,
				D76F3EBD244AD88200E8134F /* Parameters.swift */,
				D76F3EBA244AD7DA00E8134F /* Parser */,
				D76F3EB9244AD7B600E8134F /* WebService */,
				D76F3EC1244AE5A900E8134F /* Router.swift */,
			);
			path = Networking;
			sourceTree = "<group>";
		};
		D700BA12244AB4E000B2805E /* Common */ = {
			isa = PBXGroup;
			children = (
				D7E08DAE244BB03F00AF6001 /* Constants.swift */,
			);
			path = Common;
			sourceTree = "<group>";
		};
		D76F3EB9244AD7B600E8134F /* WebService */ = {
			isa = PBXGroup;
			children = (
				D76F3EBB244AD80000E8134F /* GetPostsWebService.swift */,
				D7E08DC0244C12CA00AF6001 /* GetUserWebService.swift */,
				D7E08DC2244C12E200AF6001 /* GetCommentsWebService.swift */,
			);
			path = WebService;
			sourceTree = "<group>";
		};
		D76F3EBA244AD7DA00E8134F /* Parser */ = {
			isa = PBXGroup;
			children = (
			);
			path = Parser;
			sourceTree = "<group>";
		};
		D76F3EC3244AEDDE00E8134F /* ViewModels */ = {
			isa = PBXGroup;
			children = (
				D76F3EC4244AEDF100E8134F /* PostViewModel.swift */,
			);
			path = ViewModels;
			sourceTree = "<group>";
		};
		D7E08DB0244BB88300AF6001 /* Detail */ = {
			isa = PBXGroup;
			children = (
				D7E08DB1244BBA5200AF6001 /* View */,
				D7E08DB4244BBA9600AF6001 /* DetailViewController.swift */,
				D7E08DB6244BBADC00AF6001 /* DetailInteractor.swift */,
				D7E08DB8244BBAED00AF6001 /* DetailPresenter.swift */,
			);
			path = Detail;
			sourceTree = "<group>";
		};
		D7E08DB1244BBA5200AF6001 /* View */ = {
			isa = PBXGroup;
			children = (
				D7E08DB2244BBA6400AF6001 /* Detail.storyboard */,
			);
			path = View;
			sourceTree = "<group>";
		};
		EA085DA36DFC419E4C99D6FE /* Pods */ = {
			isa = PBXGroup;
			children = (
				9D9FEE7BA3193ED0F7B7C527 /* Pods-Base.debug.xcconfig */,
				4CB3419EF015A0643E9634F4 /* Pods-Base.release.xcconfig */,
				97066D0E713E90307DA7FFF8 /* Pods-BaseTests.debug.xcconfig */,
				5267EFD031E4940DDACEC285 /* Pods-BaseTests.release.xcconfig */,
			);
			path = Pods;
			sourceTree = "<group>";
		};
/* End PBXGroup section */

/* Begin PBXNativeTarget section */
		D700B9A4244AA69400B2805E /* Base */ = {
			isa = PBXNativeTarget;
			buildConfigurationList = D700B9C4244AA69800B2805E /* Build configuration list for PBXNativeTarget "Base" */;
			buildPhases = (
				BE35A4078AD5AFDFE5EBDBF3 /* [CP] Check Pods Manifest.lock */,
				D700B9A1244AA69400B2805E /* Sources */,
				D700B9A2244AA69400B2805E /* Frameworks */,
				D700B9A3244AA69400B2805E /* Resources */,
				AC6ED8EEB43A8A23C6002552 /* [CP] Embed Pods Frameworks */,
			);
			buildRules = (
			);
			dependencies = (
			);
			name = Base;
			productName = Base;
			productReference = D700B9A5244AA69400B2805E /* Base.app */;
			productType = "com.apple.product-type.application";
		};
		D700B9BA244AA69800B2805E /* BaseTests */ = {
			isa = PBXNativeTarget;
			buildConfigurationList = D700B9C7244AA69800B2805E /* Build configuration list for PBXNativeTarget "BaseTests" */;
			buildPhases = (
				7590AF7BFFB8307042D037F2 /* [CP] Check Pods Manifest.lock */,
				D700B9B7244AA69800B2805E /* Sources */,
				D700B9B8244AA69800B2805E /* Frameworks */,
				D700B9B9244AA69800B2805E /* Resources */,
			);
			buildRules = (
			);
			dependencies = (
				D700B9BD244AA69800B2805E /* PBXTargetDependency */,
			);
			name = BaseTests;
			productName = BaseTests;
			productReference = D700B9BB244AA69800B2805E /* BaseTests.xctest */;
			productType = "com.apple.product-type.bundle.unit-test";
		};
/* End PBXNativeTarget section */

/* Begin PBXProject section */
		D700B99D244AA69400B2805E /* Project object */ = {
			isa = PBXProject;
			attributes = {
				LastSwiftUpdateCheck = 1130;
				LastUpgradeCheck = 1130;
				ORGANIZATIONNAME = "Juan Felipe Gallo";
				TargetAttributes = {
					D700B9A4244AA69400B2805E = {
						CreatedOnToolsVersion = 11.3.1;
					};
					D700B9BA244AA69800B2805E = {
						CreatedOnToolsVersion = 11.3.1;
						TestTargetID = D700B9A4244AA69400B2805E;
					};
				};
			};
			buildConfigurationList = D700B9A0244AA69400B2805E /* Build configuration list for PBXProject "Base" */;
			compatibilityVersion = "Xcode 9.3";
			developmentRegion = en;
			hasScannedForEncodings = 0;
			knownRegions = (
				en,
				Base,
			);
			mainGroup = D700B99C244AA69400B2805E;
			productRefGroup = D700B9A6244AA69400B2805E /* Products */;
			projectDirPath = "";
			projectRoot = "";
			targets = (
				D700B9A4244AA69400B2805E /* Base */,
				D700B9BA244AA69800B2805E /* BaseTests */,
			);
		};
/* End PBXProject section */

/* Begin PBXResourcesBuildPhase section */
		D700B9A3244AA69400B2805E /* Resources */ = {
			isa = PBXResourcesBuildPhase;
			buildActionMask = 2147483647;
			files = (
				D700B9B5244AA69800B2805E /* LaunchScreen.storyboard in Resources */,
				D700B9B2244AA69800B2805E /* Assets.xcassets in Resources */,
				D700B9B0244AA69400B2805E /* Main.storyboard in Resources */,
				D7E08DB3244BBA6400AF6001 /* Detail.storyboard in Resources */,
			);
			runOnlyForDeploymentPostprocessing = 0;
		};
		D700B9B9244AA69800B2805E /* Resources */ = {
			isa = PBXResourcesBuildPhase;
			buildActionMask = 2147483647;
			files = (
			);
			runOnlyForDeploymentPostprocessing = 0;
		};
/* End PBXResourcesBuildPhase section */

/* Begin PBXShellScriptBuildPhase section */
		7590AF7BFFB8307042D037F2 /* [CP] Check Pods Manifest.lock */ = {
			isa = PBXShellScriptBuildPhase;
			buildActionMask = 2147483647;
			files = (
			);
			inputFileListPaths = (
			);
			inputPaths = (
				"${PODS_PODFILE_DIR_PATH}/Podfile.lock",
				"${PODS_ROOT}/Manifest.lock",
			);
			name = "[CP] Check Pods Manifest.lock";
			outputFileListPaths = (
			);
			outputPaths = (
				"$(DERIVED_FILE_DIR)/Pods-BaseTests-checkManifestLockResult.txt",
			);
			runOnlyForDeploymentPostprocessing = 0;
			shellPath = /bin/sh;
			shellScript = "diff \"${PODS_PODFILE_DIR_PATH}/Podfile.lock\" \"${PODS_ROOT}/Manifest.lock\" > /dev/null\nif [ $? != 0 ] ; then\n    # print error to STDERR\n    echo \"error: The sandbox is not in sync with the Podfile.lock. Run 'pod install' or update your CocoaPods installation.\" >&2\n    exit 1\nfi\n# This output is used by Xcode 'outputs' to avoid re-running this script phase.\necho \"SUCCESS\" > \"${SCRIPT_OUTPUT_FILE_0}\"\n";
			showEnvVarsInLog = 0;
		};
		AC6ED8EEB43A8A23C6002552 /* [CP] Embed Pods Frameworks */ = {
			isa = PBXShellScriptBuildPhase;
			buildActionMask = 2147483647;
			files = (
			);
			inputFileListPaths = (
				"${PODS_ROOT}/Target Support Files/Pods-Base/Pods-Base-frameworks-${CONFIGURATION}-input-files.xcfilelist",
			);
			name = "[CP] Embed Pods Frameworks";
			outputFileListPaths = (
				"${PODS_ROOT}/Target Support Files/Pods-Base/Pods-Base-frameworks-${CONFIGURATION}-output-files.xcfilelist",
			);
			runOnlyForDeploymentPostprocessing = 0;
			shellPath = /bin/sh;
			shellScript = "\"${PODS_ROOT}/Target Support Files/Pods-Base/Pods-Base-frameworks.sh\"\n";
			showEnvVarsInLog = 0;
		};
		BE35A4078AD5AFDFE5EBDBF3 /* [CP] Check Pods Manifest.lock */ = {
			isa = PBXShellScriptBuildPhase;
			buildActionMask = 2147483647;
			files = (
			);
			inputFileListPaths = (
			);
			inputPaths = (
				"${PODS_PODFILE_DIR_PATH}/Podfile.lock",
				"${PODS_ROOT}/Manifest.lock",
			);
			name = "[CP] Check Pods Manifest.lock";
			outputFileListPaths = (
			);
			outputPaths = (
				"$(DERIVED_FILE_DIR)/Pods-Base-checkManifestLockResult.txt",
			);
			runOnlyForDeploymentPostprocessing = 0;
			shellPath = /bin/sh;
			shellScript = "diff \"${PODS_PODFILE_DIR_PATH}/Podfile.lock\" \"${PODS_ROOT}/Manifest.lock\" > /dev/null\nif [ $? != 0 ] ; then\n    # print error to STDERR\n    echo \"error: The sandbox is not in sync with the Podfile.lock. Run 'pod install' or update your CocoaPods installation.\" >&2\n    exit 1\nfi\n# This output is used by Xcode 'outputs' to avoid re-running this script phase.\necho \"SUCCESS\" > \"${SCRIPT_OUTPUT_FILE_0}\"\n";
			showEnvVarsInLog = 0;
		};
/* End PBXShellScriptBuildPhase section */

/* Begin PBXSourcesBuildPhase section */
		D700B9A1244AA69400B2805E /* Sources */ = {
			isa = PBXSourcesBuildPhase;
			buildActionMask = 2147483647;
			files = (
				D7E08DC9244C14ED00AF6001 /* GetCommnentsUseCase.swift in Sources */,
				D76F3EC5244AEDF100E8134F /* PostViewModel.swift in Sources */,
				D7E08DB5244BBA9600AF6001 /* DetailViewController.swift in Sources */,
				D700BA1C244AB9F900B2805E /* GetPostsUseCase.swift in Sources */,
				D7E08DC3244C12E200AF6001 /* GetCommentsWebService.swift in Sources */,
				D7E08DC5244C139E00AF6001 /* GetUserAdapter.swift in Sources */,
				D7E08DB7244BBADC00AF6001 /* DetailInteractor.swift in Sources */,
				D700B9D4244AA8C600B2805E /* HomeInteractor.swift in Sources */,
				D700BA50244AC4C500B2805E /* SceneDelegate.swift in Sources */,
				D700BA1A244AB7A300B2805E /* APIConstants.swift in Sources */,
				D700BA20244ABBF300B2805E /* GetPostsAdapter.swift in Sources */,
				D700B9A9244AA69400B2805E /* AppDelegate.swift in Sources */,
				D7E08DC7244C13CA00AF6001 /* GetCommentsAdapter.swift in Sources */,
				D7E08DAF244BB03F00AF6001 /* Constants.swift in Sources */,
				D7E08DB9244BBAED00AF6001 /* DetailPresenter.swift in Sources */,
				D76F3EC0244AD8DD00E8134F /* Response.swift in Sources */,
				D700B9D2244AA83300B2805E /* HomeViewController.swift in Sources */,
				D700B9D6244AA8E000B2805E /* HomePresenter.swift in Sources */,
				D7E08DCB244C150100AF6001 /* GetUserUseCase.swift in Sources */,
				D7E08DBB244BBEB500AF6001 /* Comment.swift in Sources */,
				D76F3EC2244AE5A900E8134F /* Router.swift in Sources */,
				D700BA1E244ABB7300B2805E /* Post.swift in Sources */,
				D76F3EBC244AD80000E8134F /* GetPostsWebService.swift in Sources */,
				D76F3EBE244AD88200E8134F /* Parameters.swift in Sources */,
				D7E08DBD244BBEBF00AF6001 /* User.swift in Sources */,
				D7E08DC1244C12CA00AF6001 /* GetUserWebService.swift in Sources */,
				D7E08DBF244BE44800AF6001 /* HomeRouter.swift in Sources */,
			);
			runOnlyForDeploymentPostprocessing = 0;
		};
		D700B9B7244AA69800B2805E /* Sources */ = {
			isa = PBXSourcesBuildPhase;
			buildActionMask = 2147483647;
			files = (
				D700B9C0244AA69800B2805E /* HomeInteractorTests.swift in Sources */,
			);
			runOnlyForDeploymentPostprocessing = 0;
		};
/* End PBXSourcesBuildPhase section */

/* Begin PBXTargetDependency section */
		D700B9BD244AA69800B2805E /* PBXTargetDependency */ = {
			isa = PBXTargetDependency;
			target = D700B9A4244AA69400B2805E /* Base */;
			targetProxy = D700B9BC244AA69800B2805E /* PBXContainerItemProxy */;
		};
/* End PBXTargetDependency section */

/* Begin PBXVariantGroup section */
		D700B9AE244AA69400B2805E /* Main.storyboard */ = {
			isa = PBXVariantGroup;
			children = (
				D700B9AF244AA69400B2805E /* Base */,
			);
			name = Main.storyboard;
			sourceTree = "<group>";
		};
		D700B9B3244AA69800B2805E /* LaunchScreen.storyboard */ = {
			isa = PBXVariantGroup;
			children = (
				D700B9B4244AA69800B2805E /* Base */,
			);
			name = LaunchScreen.storyboard;
			sourceTree = "<group>";
		};
/* End PBXVariantGroup section */

/* Begin XCBuildConfiguration section */
		D700B9C2244AA69800B2805E /* Debug */ = {
			isa = XCBuildConfiguration;
			buildSettings = {
				ALWAYS_SEARCH_USER_PATHS = NO;
				CLANG_ANALYZER_NONNULL = YES;
				CLANG_ANALYZER_NUMBER_OBJECT_CONVERSION = YES_AGGRESSIVE;
				CLANG_CXX_LANGUAGE_STANDARD = "gnu++14";
				CLANG_CXX_LIBRARY = "libc++";
				CLANG_ENABLE_MODULES = YES;
				CLANG_ENABLE_OBJC_ARC = YES;
				CLANG_ENABLE_OBJC_WEAK = YES;
				CLANG_WARN_BLOCK_CAPTURE_AUTORELEASING = YES;
				CLANG_WARN_BOOL_CONVERSION = YES;
				CLANG_WARN_COMMA = YES;
				CLANG_WARN_CONSTANT_CONVERSION = YES;
				CLANG_WARN_DEPRECATED_OBJC_IMPLEMENTATIONS = YES;
				CLANG_WARN_DIRECT_OBJC_ISA_USAGE = YES_ERROR;
				CLANG_WARN_DOCUMENTATION_COMMENTS = YES;
				CLANG_WARN_EMPTY_BODY = YES;
				CLANG_WARN_ENUM_CONVERSION = YES;
				CLANG_WARN_INFINITE_RECURSION = YES;
				CLANG_WARN_INT_CONVERSION = YES;
				CLANG_WARN_NON_LITERAL_NULL_CONVERSION = YES;
				CLANG_WARN_OBJC_IMPLICIT_RETAIN_SELF = YES;
				CLANG_WARN_OBJC_LITERAL_CONVERSION = YES;
				CLANG_WARN_OBJC_ROOT_CLASS = YES_ERROR;
				CLANG_WARN_RANGE_LOOP_ANALYSIS = YES;
				CLANG_WARN_STRICT_PROTOTYPES = YES;
				CLANG_WARN_SUSPICIOUS_MOVE = YES;
				CLANG_WARN_UNGUARDED_AVAILABILITY = YES_AGGRESSIVE;
				CLANG_WARN_UNREACHABLE_CODE = YES;
				CLANG_WARN__DUPLICATE_METHOD_MATCH = YES;
				COPY_PHASE_STRIP = NO;
				DEBUG_INFORMATION_FORMAT = dwarf;
				ENABLE_STRICT_OBJC_MSGSEND = YES;
				ENABLE_TESTABILITY = YES;
				GCC_C_LANGUAGE_STANDARD = gnu11;
				GCC_DYNAMIC_NO_PIC = NO;
				GCC_NO_COMMON_BLOCKS = YES;
				GCC_OPTIMIZATION_LEVEL = 0;
				GCC_PREPROCESSOR_DEFINITIONS = (
					"DEBUG=1",
					"$(inherited)",
				);
				GCC_WARN_64_TO_32_BIT_CONVERSION = YES;
				GCC_WARN_ABOUT_RETURN_TYPE = YES_ERROR;
				GCC_WARN_UNDECLARED_SELECTOR = YES;
				GCC_WARN_UNINITIALIZED_AUTOS = YES_AGGRESSIVE;
				GCC_WARN_UNUSED_FUNCTION = YES;
				GCC_WARN_UNUSED_VARIABLE = YES;
				IPHONEOS_DEPLOYMENT_TARGET = 13.2;
				MTL_ENABLE_DEBUG_INFO = INCLUDE_SOURCE;
				MTL_FAST_MATH = YES;
				ONLY_ACTIVE_ARCH = YES;
				SDKROOT = iphoneos;
				SWIFT_ACTIVE_COMPILATION_CONDITIONS = DEBUG;
				SWIFT_OPTIMIZATION_LEVEL = "-Onone";
			};
			name = Debug;
		};
		D700B9C3244AA69800B2805E /* Release */ = {
			isa = XCBuildConfiguration;
			buildSettings = {
				ALWAYS_SEARCH_USER_PATHS = NO;
				CLANG_ANALYZER_NONNULL = YES;
				CLANG_ANALYZER_NUMBER_OBJECT_CONVERSION = YES_AGGRESSIVE;
				CLANG_CXX_LANGUAGE_STANDARD = "gnu++14";
				CLANG_CXX_LIBRARY = "libc++";
				CLANG_ENABLE_MODULES = YES;
				CLANG_ENABLE_OBJC_ARC = YES;
				CLANG_ENABLE_OBJC_WEAK = YES;
				CLANG_WARN_BLOCK_CAPTURE_AUTORELEASING = YES;
				CLANG_WARN_BOOL_CONVERSION = YES;
				CLANG_WARN_COMMA = YES;
				CLANG_WARN_CONSTANT_CONVERSION = YES;
				CLANG_WARN_DEPRECATED_OBJC_IMPLEMENTATIONS = YES;
				CLANG_WARN_DIRECT_OBJC_ISA_USAGE = YES_ERROR;
				CLANG_WARN_DOCUMENTATION_COMMENTS = YES;
				CLANG_WARN_EMPTY_BODY = YES;
				CLANG_WARN_ENUM_CONVERSION = YES;
				CLANG_WARN_INFINITE_RECURSION = YES;
				CLANG_WARN_INT_CONVERSION = YES;
				CLANG_WARN_NON_LITERAL_NULL_CONVERSION = YES;
				CLANG_WARN_OBJC_IMPLICIT_RETAIN_SELF = YES;
				CLANG_WARN_OBJC_LITERAL_CONVERSION = YES;
				CLANG_WARN_OBJC_ROOT_CLASS = YES_ERROR;
				CLANG_WARN_RANGE_LOOP_ANALYSIS = YES;
				CLANG_WARN_STRICT_PROTOTYPES = YES;
				CLANG_WARN_SUSPICIOUS_MOVE = YES;
				CLANG_WARN_UNGUARDED_AVAILABILITY = YES_AGGRESSIVE;
				CLANG_WARN_UNREACHABLE_CODE = YES;
				CLANG_WARN__DUPLICATE_METHOD_MATCH = YES;
				COPY_PHASE_STRIP = NO;
				DEBUG_INFORMATION_FORMAT = "dwarf-with-dsym";
				ENABLE_NS_ASSERTIONS = NO;
				ENABLE_STRICT_OBJC_MSGSEND = YES;
				GCC_C_LANGUAGE_STANDARD = gnu11;
				GCC_NO_COMMON_BLOCKS = YES;
				GCC_WARN_64_TO_32_BIT_CONVERSION = YES;
				GCC_WARN_ABOUT_RETURN_TYPE = YES_ERROR;
				GCC_WARN_UNDECLARED_SELECTOR = YES;
				GCC_WARN_UNINITIALIZED_AUTOS = YES_AGGRESSIVE;
				GCC_WARN_UNUSED_FUNCTION = YES;
				GCC_WARN_UNUSED_VARIABLE = YES;
				IPHONEOS_DEPLOYMENT_TARGET = 13.2;
				MTL_ENABLE_DEBUG_INFO = NO;
				MTL_FAST_MATH = YES;
				SDKROOT = iphoneos;
				SWIFT_COMPILATION_MODE = wholemodule;
				SWIFT_OPTIMIZATION_LEVEL = "-O";
				VALIDATE_PRODUCT = YES;
			};
			name = Release;
		};
		D700B9C5244AA69800B2805E /* Debug */ = {
			isa = XCBuildConfiguration;
			baseConfigurationReference = 9D9FEE7BA3193ED0F7B7C527 /* Pods-Base.debug.xcconfig */;
			buildSettings = {
				ASSETCATALOG_COMPILER_APPICON_NAME = AppIcon;
				CODE_SIGN_STYLE = Automatic;
				INFOPLIST_FILE = Base/Info.plist;
				LD_RUNPATH_SEARCH_PATHS = (
					"$(inherited)",
					"@executable_path/Frameworks",
				);
				PRODUCT_BUNDLE_IDENTIFIER = com.architecture.Base;
				PRODUCT_NAME = "$(TARGET_NAME)";
				SWIFT_VERSION = 5.0;
				TARGETED_DEVICE_FAMILY = "1,2";
			};
			name = Debug;
		};
		D700B9C6244AA69800B2805E /* Release */ = {
			isa = XCBuildConfiguration;
			baseConfigurationReference = 4CB3419EF015A0643E9634F4 /* Pods-Base.release.xcconfig */;
			buildSettings = {
				ASSETCATALOG_COMPILER_APPICON_NAME = AppIcon;
				CODE_SIGN_STYLE = Automatic;
				INFOPLIST_FILE = Base/Info.plist;
				LD_RUNPATH_SEARCH_PATHS = (
					"$(inherited)",
					"@executable_path/Frameworks",
				);
				PRODUCT_BUNDLE_IDENTIFIER = com.architecture.Base;
				PRODUCT_NAME = "$(TARGET_NAME)";
				SWIFT_VERSION = 5.0;
				TARGETED_DEVICE_FAMILY = "1,2";
			};
			name = Release;
		};
		D700B9C8244AA69800B2805E /* Debug */ = {
			isa = XCBuildConfiguration;
			baseConfigurationReference = 97066D0E713E90307DA7FFF8 /* Pods-BaseTests.debug.xcconfig */;
			buildSettings = {
				ALWAYS_EMBED_SWIFT_STANDARD_LIBRARIES = YES;
				BUNDLE_LOADER = "$(TEST_HOST)";
				CODE_SIGN_STYLE = Automatic;
				INFOPLIST_FILE = BaseTests/Info.plist;
				IPHONEOS_DEPLOYMENT_TARGET = 13.2;
				LD_RUNPATH_SEARCH_PATHS = (
					"$(inherited)",
					"@executable_path/Frameworks",
					"@loader_path/Frameworks",
				);
				PRODUCT_BUNDLE_IDENTIFIER = com.architecture.BaseTests;
				PRODUCT_NAME = "$(TARGET_NAME)";
				SWIFT_VERSION = 5.0;
				TARGETED_DEVICE_FAMILY = "1,2";
				TEST_HOST = "$(BUILT_PRODUCTS_DIR)/Base.app/Base";
			};
			name = Debug;
		};
		D700B9C9244AA69800B2805E /* Release */ = {
			isa = XCBuildConfiguration;
			baseConfigurationReference = 5267EFD031E4940DDACEC285 /* Pods-BaseTests.release.xcconfig */;
			buildSettings = {
				ALWAYS_EMBED_SWIFT_STANDARD_LIBRARIES = YES;
				BUNDLE_LOADER = "$(TEST_HOST)";
				CODE_SIGN_STYLE = Automatic;
				INFOPLIST_FILE = BaseTests/Info.plist;
				IPHONEOS_DEPLOYMENT_TARGET = 13.2;
				LD_RUNPATH_SEARCH_PATHS = (
					"$(inherited)",
					"@executable_path/Frameworks",
					"@loader_path/Frameworks",
				);
				PRODUCT_BUNDLE_IDENTIFIER = com.architecture.BaseTests;
				PRODUCT_NAME = "$(TARGET_NAME)";
				SWIFT_VERSION = 5.0;
				TARGETED_DEVICE_FAMILY = "1,2";
				TEST_HOST = "$(BUILT_PRODUCTS_DIR)/Base.app/Base";
			};
			name = Release;
		};
/* End XCBuildConfiguration section */

/* Begin XCConfigurationList section */
		D700B9A0244AA69400B2805E /* Build configuration list for PBXProject "Base" */ = {
			isa = XCConfigurationList;
			buildConfigurations = (
				D700B9C2244AA69800B2805E /* Debug */,
				D700B9C3244AA69800B2805E /* Release */,
			);
			defaultConfigurationIsVisible = 0;
			defaultConfigurationName = Release;
		};
		D700B9C4244AA69800B2805E /* Build configuration list for PBXNativeTarget "Base" */ = {
			isa = XCConfigurationList;
			buildConfigurations = (
				D700B9C5244AA69800B2805E /* Debug */,
				D700B9C6244AA69800B2805E /* Release */,
			);
			defaultConfigurationIsVisible = 0;
			defaultConfigurationName = Release;
		};
		D700B9C7244AA69800B2805E /* Build configuration list for PBXNativeTarget "BaseTests" */ = {
			isa = XCConfigurationList;
			buildConfigurations = (
				D700B9C8244AA69800B2805E /* Debug */,
				D700B9C9244AA69800B2805E /* Release */,
			);
			defaultConfigurationIsVisible = 0;
			defaultConfigurationName = Release;
		};
/* End XCConfigurationList section */
	};
	rootObject = D700B99D244AA69400B2805E /* Project object */;
}
